
Microsoft Visual Studio Solution File, Format Version 12.00
# Visual Studio Version 16
VisualStudioVersion = 16.0.30621.155
MinimumVisualStudioVersion = 10.0.40219.1
Project("{FAE04EC0-301F-11D3-BF4B-00C04F79EFBC}") = "NERVEBrowser", "NERVEBrowser.csproj", "{FCF33002-965C-474A-A502-517872656A79}"
EndProject
Global
	GlobalSection(SolutionConfigurationPlatforms) = preSolution
		Debug|x64 = Debug|x64
		Debug|x86 = Debug|x86
		Release|x64 = Release|x64
		Release|x86 = Release|x86
	EndGlobalSection
	GlobalSection(ProjectConfigurationPlatforms) = postSolution
		{FCF33002-965C-474A-A502-517872656A79}.Debug|x64.ActiveCfg = Debug|x64
		{FCF33002-965C-474A-A502-517872656A79}.Debug|x64.Build.0 = Debug|x64
		{FCF33002-965C-474A-A502-517872656A79}.Debug|x86.ActiveCfg = Debug|x86
		{FCF33002-965C-474A-A502-517872656A79}.Debug|x86.Build.0 = Debug|x86
		{FCF33002-965C-474A-A502-517872656A79}.Release|x64.ActiveCfg = Release|x64
		{FCF33002-965C-474A-A502-517872656A79}.Release|x64.Build.0 = Release|x64
		{FCF33002-965C-474A-A502-517872656A79}.Release|x86.ActiveCfg = Release|x86
		{FCF33002-965C-474A-A502-517872656A79}.Release|x86.Build.0 = Release|x86
	EndGlobalSection
	GlobalSection(SolutionProperties) = preSolution
		HideSolutionNode = FALSE
	EndGlobalSection
	GlobalSection(ExtensibilityGlobals) = postSolution
		SolutionGuid = {0713372B-B3C0-42A3-8024-D1526F324B7A}
	EndGlobalSection
EndGlobal
